
Microsoft Visual Studio Solution File, Format Version 12.00
# Visual Studio Version 17
VisualStudioVersion = 17.6.33815.320
MinimumVisualStudioVersion = 10.0.40219.1
Project("{FAE04EC0-301F-11D3-BF4B-00C04F79EFBC}") = "Craftopia", "Craftopia\Craftopia.csproj", "{BFC273C6-B694-4FE1-A0DE-10205D24524E}"
EndProject
Project("{FAE04EC0-301F-11D3-BF4B-00C04F79EFBC}") = "Craftopia_old", "Craftopia_old\Craftopia_old.csproj", "{ED6DEA00-E818-4502-A3C6-65BBEA1F3764}"
EndProject
Global
	GlobalSection(SolutionConfigurationPlatforms) = preSolution
		Debug|Any CPU = Debug|Any CPU
		Release|Any CPU = Release|Any CPU
	EndGlobalSection
	GlobalSection(ProjectConfigurationPlatforms) = postSolution
		{BFC273C6-B694-4FE1-A0DE-10205D24524E}.Debug|Any CPU.ActiveCfg = Debug|Any CPU
		{BFC273C6-B694-4FE1-A0DE-10205D24524E}.Debug|Any CPU.Build.0 = Debug|Any CPU
		{BFC273C6-B694-4FE1-A0DE-10205D24524E}.Release|Any CPU.ActiveCfg = Release|Any CPU
		{BFC273C6-B694-4FE1-A0DE-10205D24524E}.Release|Any CPU.Build.0 = Release|Any CPU
		{ED6DEA00-E818-4502-A3C6-65BBEA1F3764}.Debug|Any CPU.ActiveCfg = Debug|Any CPU
		{ED6DEA00-E818-4502-A3C6-65BBEA1F3764}.Debug|Any CPU.Build.0 = Debug|Any CPU
		{ED6DEA00-E818-4502-A3C6-65BBEA1F3764}.Release|Any CPU.ActiveCfg = Release|Any CPU
		{ED6DEA00-E818-4502-A3C6-65BBEA1F3764}.Release|Any CPU.Build.0 = Release|Any CPU
	EndGlobalSection
	GlobalSection(SolutionProperties) = preSolution
		HideSolutionNode = FALSE
	EndGlobalSection
	GlobalSection(ExtensibilityGlobals) = postSolution
		SolutionGuid = {78460D95-4011-45AF-BEC9-5904E99BD63B}
	EndGlobalSection
EndGlobal
